dependencies:
- name: valkey
  repository: https://valkey-io.github.io/valkey-helm
  version: 0.9.2
- name: community-operator
  repository: https://mongodb.github.io/helm-charts
  version: 0.10.0
digest: sha256:19614b8e1db596f9d5dff107ed849f2d71828ff393804f31f1f5966be978d192
generated: "2026-01-09T21:39:43.215928807Z"
